
Microsoft Visual Studio Solution File, Format Version 12.00
# Visual Studio Version 16
VisualStudioVersion = 16.0.31729.503
MinimumVisualStudioVersion = 10.0.40219.1
Project("{FAE04EC0-301F-11D3-BF4B-00C04F79EFBC}") = "2101WebPortal", "2101WebPortal\2101WebPortal.csproj", "{7B34061A-458C-4FDE-8625-22A628CFB524}"
EndProject
Project("{FAE04EC0-301F-11D3-BF4B-00C04F79EFBC}") = "2101WebPortalWhiteBoxTest", "2101WebPortalWhiteBoxTest\2101WebPortalWhiteBoxTest.csproj", "{AA0E280F-20A5-48D1-9104-ACA816FEA2FF}"
EndProject
Global
	GlobalSection(SolutionConfigurationPlatforms) = preSolution
		Debug|Any CPU = Debug|Any CPU
		Release|Any CPU = Release|Any CPU
	EndGlobalSection
	GlobalSection(ProjectConfigurationPlatforms) = postSolution
		{7B34061A-458C-4FDE-8625-22A628CFB524}.Debug|Any CPU.ActiveCfg = Debug|Any CPU
		{7B34061A-458C-4FDE-8625-22A628CFB524}.Debug|Any CPU.Build.0 = Debug|Any CPU
		{7B34061A-458C-4FDE-8625-22A628CFB524}.Release|Any CPU.ActiveCfg = Release|Any CPU
		{7B34061A-458C-4FDE-8625-22A628CFB524}.Release|Any CPU.Build.0 = Release|Any CPU
		{AA0E280F-20A5-48D1-9104-ACA816FEA2FF}.Debug|Any CPU.ActiveCfg = Debug|Any CPU
		{AA0E280F-20A5-48D1-9104-ACA816FEA2FF}.Debug|Any CPU.Build.0 = Debug|Any CPU
		{AA0E280F-20A5-48D1-9104-ACA816FEA2FF}.Release|Any CPU.ActiveCfg = Release|Any CPU
		{AA0E280F-20A5-48D1-9104-ACA816FEA2FF}.Release|Any CPU.Build.0 = Release|Any CPU
	EndGlobalSection
	GlobalSection(SolutionProperties) = preSolution
		HideSolutionNode = FALSE
	EndGlobalSection
	GlobalSection(ExtensibilityGlobals) = postSolution
		SolutionGuid = {643A76F6-71AC-49BB-928D-84405695E9C2}
	EndGlobalSection
EndGlobal
